
Microsoft Visual Studio Solution File, Format Version 12.00
# Visual Studio Version 16
VisualStudioVersion = 16.0.29613.14
MinimumVisualStudioVersion = 10.0.40219.1
Project("{FAE04EC0-301F-11D3-BF4B-00C04F79EFBC}") = "AzureKeyVaultDemo", "AzureKeyVaultDemo\AzureKeyVaultDemo.csproj", "{3DF95243-C77F-4CF4-990A-68F8A931E27D}"
EndProject
Global
	GlobalSection(SolutionConfigurationPlatforms) = preSolution
		Debug|Any CPU = Debug|Any CPU
		Release|Any CPU = Release|Any CPU
	EndGlobalSection
	GlobalSection(ProjectConfigurationPlatforms) = postSolution
		{3DF95243-C77F-4CF4-990A-68F8A931E27D}.Debug|Any CPU.ActiveCfg = Debug|Any CPU
		{3DF95243-C77F-4CF4-990A-68F8A931E27D}.Debug|Any CPU.Build.0 = Debug|Any CPU
		{3DF95243-C77F-4CF4-990A-68F8A931E27D}.Release|Any CPU.ActiveCfg = Release|Any CPU
		{3DF95243-C77F-4CF4-990A-68F8A931E27D}.Release|Any CPU.Build.0 = Release|Any CPU
	EndGlobalSection
	GlobalSection(SolutionProperties) = preSolution
		HideSolutionNode = FALSE
	EndGlobalSection
	GlobalSection(ExtensibilityGlobals) = postSolution
		SolutionGuid = {5B653A60-DE79-4C21-98B6-F6FE39438796}
	EndGlobalSection
EndGlobal
